
Microsoft Visual Studio Solution File, Format Version 12.00
Project("{FAE04EC0-301F-11D3-BF4B-00C04F79EFBC}") = "Progress", "Progress\Progress.csproj", "{75487351-1A5A-4F0D-BE08-CBA443DFD8CA}"
EndProject
Global
	GlobalSection(SolutionConfigurationPlatforms) = preSolution
		Debug|Any CPU = Debug|Any CPU
		Release|Any CPU = Release|Any CPU
	EndGlobalSection
	GlobalSection(ProjectConfigurationPlatforms) = postSolution
		{75487351-1A5A-4F0D-BE08-CBA443DFD8CA}.Debug|Any CPU.ActiveCfg = Debug|Any CPU
		{75487351-1A5A-4F0D-BE08-CBA443DFD8CA}.Debug|Any CPU.Build.0 = Debug|Any CPU
		{75487351-1A5A-4F0D-BE08-CBA443DFD8CA}.Release|Any CPU.ActiveCfg = Release|Any CPU
		{75487351-1A5A-4F0D-BE08-CBA443DFD8CA}.Release|Any CPU.Build.0 = Release|Any CPU
	EndGlobalSection
EndGlobal
